// !$*UTF8*$!
{
	archiveVersion = 1;
	classes = {
	};
	objectVersion = 48;
	objects = {

/* Begin PBXBuildFile section */
		666E0BF31FFF79EE00867E64 /* AppDelegate.swift in Sources */ = {isa = PBXBuildFile; fileRef = 666E0BF21FFF79EE00867E64 /* AppDelegate.swift */; };
		666E0BF51FFF79EE00867E64 /* CategoriesVC.swift in Sources */ = {isa = PBXBuildFile; fileRef = 666E0BF41FFF79EE00867E64 /* CategoriesVC.swift */; };
		666E0BF81FFF79EE00867E64 /* Main.storyboard in Resources */ = {isa = PBXBuildFile; fileRef = 666E0BF61FFF79EE00867E64 /* Main.storyboard */; };
		666E0BFA1FFF79EE00867E64 /* Assets.xcassets in Resources */ = {isa = PBXBuildFile; fileRef = 666E0BF91FFF79EE00867E64 /* Assets.xcassets */; };
		666E0BFD1FFF79EE00867E64 /* LaunchScreen.storyboard in Resources */ = {isa = PBXBuildFile; fileRef = 666E0BFB1FFF79EE00867E64 /* LaunchScreen.storyboard */; };
		666E0C081FFF7FA200867E64 /* CategoryCell.swift in Sources */ = {isa = PBXBuildFile; fileRef = 666E0C071FFF7FA200867E64 /* CategoryCell.swift */; };
		666E0C0A1FFF889500867E64 /* Category.swift in Sources */ = {isa = PBXBuildFile; fileRef = 666E0C091FFF889500867E64 /* Category.swift */; };
		666E0C0D1FFF8B9600867E64 /* DataService.swift in Sources */ = {isa = PBXBuildFile; fileRef = 666E0C0C1FFF8B9600867E64 /* DataService.swift */; };
/* End PBXBuildFile section */

/* Begin PBXFileReference section */
		666E0BEF1FFF79EE00867E64 /* coder-swag.app */ = {isa = PBXFileReference; explicitFileType = wrapper.application; includeInIndex = 0; path = "coder-swag.app"; sourceTree = BUILT_PRODUCTS_DIR; };
		666E0BF21FFF79EE00867E64 /* AppDelegate.swift */ = {isa = PBXFileReference; lastKnownFileType = sourcecode.swift; path = AppDelegate.swift; sourceTree = "<group>"; };
		666E0BF41FFF79EE00867E64 /* CategoriesVC.swift */ = {isa = PBXFileReference; lastKnownFileType = sourcecode.swift; path = CategoriesVC.swift; sourceTree = "<group>"; };
		666E0BF71FFF79EE00867E64 /* Base */ = {isa = PBXFileReference; lastKnownFileType = file.storyboard; name = Base; path = Base.lproj/Main.storyboard; sourceTree = "<group>"; };
		666E0BF91FFF79EE00867E64 /* Assets.xcassets */ = {isa = PBXFileReference; lastKnownFileType = folder.assetcatalog; path = Assets.xcassets; sourceTree = "<group>"; };
		666E0BFC1FFF79EE00867E64 /* Base */ = {isa = PBXFileReference; lastKnownFileType = file.storyboard; name = Base; path = Base.lproj/LaunchScreen.storyboard; sourceTree = "<group>"; };
		666E0BFE1FFF79EE00867E64 /* Info.plist */ = {isa = PBXFileReference; lastKnownFileType = text.plist.xml; path = Info.plist; sourceTree = "<group>"; };
		666E0C071FFF7FA200867E64 /* CategoryCell.swift */ = {isa = PBXFileReference; lastKnownFileType = sourcecode.swift; path = CategoryCell.swift; sourceTree = "<group>"; };
		666E0C091FFF889500867E64 /* Category.swift */ = {isa = PBXFileReference; lastKnownFileType = sourcecode.swift; path = Category.swift; sourceTree = "<group>"; };
		666E0C0C1FFF8B9600867E64 /* DataService.swift */ = {isa = PBXFileReference; lastKnownFileType = sourcecode.swift; path = DataService.swift; sourceTree = "<group>"; };
/* End PBXFileReference section */

/* Begin PBXFrameworksBuildPhase section */
		666E0BEC1FFF79EE00867E64 /* Frameworks */ = {
			isa = PBXFrameworksBuildPhase;
			buildActionMask = 2147483647;
			files = (
			);
			runOnlyForDeploymentPostprocessing = 0;
		};
/* End PBXFrameworksBuildPhase section */

/* Begin PBXGroup section */
		666E0BE61FFF79EE00867E64 = {
			isa = PBXGroup;
			children = (
				666E0BF11FFF79EE00867E64 /* coder-swag */,
				666E0BF01FFF79EE00867E64 /* Products */,
			);
			sourceTree = "<group>";
		};
		666E0BF01FFF79EE00867E64 /* Products */ = {
			isa = PBXGroup;
			children = (
				666E0BEF1FFF79EE00867E64 /* coder-swag.app */,
			);
			name = Products;
			sourceTree = "<group>";
		};
		666E0BF11FFF79EE00867E64 /* coder-swag */ = {
			isa = PBXGroup;
			children = (
				666E0C0B1FFF8B8300867E64 /* Services */,
				666E0C061FFF7F2000867E64 /* Views */,
				666E0C051FFF7F1B00867E64 /* Model */,
				666E0C041FFF7F1500867E64 /* Controller */,
				666E0BF21FFF79EE00867E64 /* AppDelegate.swift */,
				666E0BF61FFF79EE00867E64 /* Main.storyboard */,
				666E0BF91FFF79EE00867E64 /* Assets.xcassets */,
				666E0BFB1FFF79EE00867E64 /* LaunchScreen.storyboard */,
				666E0BFE1FFF79EE00867E64 /* Info.plist */,
			);
			path = "coder-swag";
			sourceTree = "<group>";
		};
		666E0C041FFF7F1500867E64 /* Controller */ = {
			isa = PBXGroup;
			children = (
				666E0BF41FFF79EE00867E64 /* CategoriesVC.swift */,
			);
			path = Controller;
			sourceTree = "<group>";
		};
		666E0C051FFF7F1B00867E64 /* Model */ = {
			isa = PBXGroup;
			children = (
				666E0C091FFF889500867E64 /* Category.swift */,
			);
			path = Model;
			sourceTree = "<group>";
		};
		666E0C061FFF7F2000867E64 /* Views */ = {
			isa = PBXGroup;
			children = (
				666E0C071FFF7FA200867E64 /* CategoryCell.swift */,
			);
			path = Views;
			sourceTree = "<group>";
		};
		666E0C0B1FFF8B8300867E64 /* Services */ = {
			isa = PBXGroup;
			children = (
				666E0C0C1FFF8B9600867E64 /* DataService.swift */,
			);
			path = Services;
			sourceTree = "<group>";
		};
/* End PBXGroup section */

/* Begin PBXNativeTarget section */
		666E0BEE1FFF79EE00867E64 /* coder-swag */ = {
			isa = PBXNativeTarget;
			buildConfigurationList = 666E0C011FFF79EE00867E64 /* Build configuration list for PBXNativeTarget "coder-swag" */;
			buildPhases = (
				666E0BEB1FFF79EE00867E64 /* Sources */,
				666E0BEC1FFF79EE00867E64 /* Frameworks */,
				666E0BED1FFF79EE00867E64 /* Resources */,
			);
			buildRules = (
			);
			dependencies = (
			);
			name = "coder-swag";
			productName = "coder-swag";
			productReference = 666E0BEF1FFF79EE00867E64 /* coder-swag.app */;
			productType = "com.apple.product-type.application";
		};
/* End PBXNativeTarget section */

/* Begin PBXProject section */
		666E0BE71FFF79EE00867E64 /* Project object */ = {
			isa = PBXProject;
			attributes = {
				LastSwiftUpdateCheck = 0920;
				LastUpgradeCheck = 0920;
				ORGANIZATIONNAME = Georgy;
				TargetAttributes = {
					666E0BEE1FFF79EE00867E64 = {
						CreatedOnToolsVersion = 9.2;
						ProvisioningStyle = Automatic;
					};
				};
			};
			buildConfigurationList = 666E0BEA1FFF79EE00867E64 /* Build configuration list for PBXProject "coder-swag" */;
			compatibilityVersion = "Xcode 8.0";
			developmentRegion = en;
			hasScannedForEncodings = 0;
			knownRegions = (
				en,
				Base,
			);
			mainGroup = 666E0BE61FFF79EE00867E64;
			productRefGroup = 666E0BF01FFF79EE00867E64 /* Products */;
			projectDirPath = "";
			projectRoot = "";
			targets = (
				666E0BEE1FFF79EE00867E64 /* coder-swag */,
			);
		};
/* End PBXProject section */

/* Begin PBXResourcesBuildPhase section */
		666E0BED1FFF79EE00867E64 /* Resources */ = {
			isa = PBXResourcesBuildPhase;
			buildActionMask = 2147483647;
			files = (
				666E0BFD1FFF79EE00867E64 /* LaunchScreen.storyboard in Resources */,
				666E0BFA1FFF79EE00867E64 /* Assets.xcassets in Resources */,
				666E0BF81FFF79EE00867E64 /* Main.storyboard in Resources */,
			);
			runOnlyForDeploymentPostprocessing = 0;
		};
/* End PBXResourcesBuildPhase section */

/* Begin PBXSourcesBuildPhase section */
		666E0BEB1FFF79EE00867E64 /* Sources */ = {
			isa = PBXSourcesBuildPhase;
			buildActionMask = 2147483647;
			files = (
				666E0BF51FFF79EE00867E64 /* CategoriesVC.swift in Sources */,
				666E0BF31FFF79EE00867E64 /* AppDelegate.swift in Sources */,
				666E0C081FFF7FA200867E64 /* CategoryCell.swift in Sources */,
				666E0C0A1FFF889500867E64 /* Category.swift in Sources */,
				666E0C0D1FFF8B9600867E64 /* DataService.swift in Sources */,
			);
			runOnlyForDeploymentPostprocessing = 0;
		};
/* End PBXSourcesBuildPhase section */

/* Begin PBXVariantGroup section */
		666E0BF61FFF79EE00867E64 /* Main.storyboard */ = {
			isa = PBXVariantGroup;
			children = (
				666E0BF71FFF79EE00867E64 /* Base */,
			);
			name = Main.storyboard;
			sourceTree = "<group>";
		};
		666E0BFB1FFF79EE00867E64 /* LaunchScreen.storyboard */ = {
			isa = PBXVariantGroup;
			children = (
				666E0BFC1FFF79EE00867E64 /* Base */,
			);
			name = LaunchScreen.storyboard;
			sourceTree = "<group>";
		};
/* End PBXVariantGroup section */

/* Begin XCBuildConfiguration section */
		666E0BFF1FFF79EE00867E64 /* Debug */ = {
			isa = XCBuildConfiguration;
			buildSettings = {
				ALWAYS_SEARCH_USER_PATHS = NO;
				CLANG_ANALYZER_NONNULL = YES;
				CLANG_ANALYZER_NUMBER_OBJECT_CONVERSION = YES_AGGRESSIVE;
				CLANG_CXX_LANGUAGE_STANDARD = "gnu++14";
				CLANG_CXX_LIBRARY = "libc++";
				CLANG_ENABLE_MODULES = YES;
				CLANG_ENABLE_OBJC_ARC = YES;
				CLANG_WARN_BLOCK_CAPTURE_AUTORELEASING = YES;
				CLANG_WARN_BOOL_CONVERSION = YES;
				CLANG_WARN_COMMA = YES;
				CLANG_WARN_CONSTANT_CONVERSION = YES;
				CLANG_WARN_DIRECT_OBJC_ISA_USAGE = YES_ERROR;
				CLANG_WARN_DOCUMENTATION_COMMENTS = YES;
				CLANG_WARN_EMPTY_BODY = YES;
				CLANG_WARN_ENUM_CONVERSION = YES;
				CLANG_WARN_INFINITE_RECURSION = YES;
				CLANG_WARN_INT_CONVERSION = YES;
				CLANG_WARN_NON_LITERAL_NULL_CONVERSION = YES;
				CLANG_WARN_OBJC_LITERAL_CONVERSION = YES;
				CLANG_WARN_OBJC_ROOT_CLASS = YES_ERROR;
				CLANG_WARN_RANGE_LOOP_ANALYSIS = YES;
				CLANG_WARN_STRICT_PROTOTYPES = YES;
				CLANG_WARN_SUSPICIOUS_MOVE = YES;
				CLANG_WARN_UNGUARDED_AVAILABILITY = YES_AGGRESSIVE;
				CLANG_WARN_UNREACHABLE_CODE = YES;
				CLANG_WARN__DUPLICATE_METHOD_MATCH = YES;
				CODE_SIGN_IDENTITY = "iPhone Developer";
				COPY_PHASE_STRIP = NO;
				DEBUG_INFORMATION_FORMAT = dwarf;
				ENABLE_STRICT_OBJC_MSGSEND = YES;
				ENABLE_TESTABILITY = YES;
				GCC_C_LANGUAGE_STANDARD = gnu11;
				GCC_DYNAMIC_NO_PIC = NO;
				GCC_NO_COMMON_BLOCKS = YES;
				GCC_OPTIMIZATION_LEVEL = 0;
				GCC_PREPROCESSOR_DEFINITIONS = (
					"DEBUG=1",
					"$(inherited)",
				);
				GCC_WARN_64_TO_32_BIT_CONVERSION = YES;
				GCC_WARN_ABOUT_RETURN_TYPE = YES_ERROR;
				GCC_WARN_UNDECLARED_SELECTOR = YES;
				GCC_WARN_UNINITIALIZED_AUTOS = YES_AGGRESSIVE;
				GCC_WARN_UNUSED_FUNCTION = YES;
				GCC_WARN_UNUSED_VARIABLE = YES;
				IPHONEOS_DEPLOYMENT_TARGET = 11.2;
				MTL_ENABLE_DEBUG_INFO = YES;
				ONLY_ACTIVE_ARCH = YES;
				SDKROOT = iphoneos;
				SWIFT_ACTIVE_COMPILATION_CONDITIONS = DEBUG;
				SWIFT_OPTIMIZATION_LEVEL = "-Onone";
			};
			name = Debug;
		};
		666E0C001FFF79EE00867E64 /* Release */ = {
			isa = XCBuildConfiguration;
			buildSettings = {
				ALWAYS_SEARCH_USER_PATHS = NO;
				CLANG_ANALYZER_NONNULL = YES;
				CLANG_ANALYZER_NUMBER_OBJECT_CONVERSION = YES_AGGRESSIVE;
				CLANG_CXX_LANGUAGE_STANDARD = "gnu++14";
				CLANG_CXX_LIBRARY = "libc++";
				CLANG_ENABLE_MODULES = YES;
				CLANG_ENABLE_OBJC_ARC = YES;
				CLANG_WARN_BLOCK_CAPTURE_AUTORELEASING = YES;
				CLANG_WARN_BOOL_CONVERSION = YES;
				CLANG_WARN_COMMA = YES;
				CLANG_WARN_CONSTANT_CONVERSION = YES;
				CLANG_WARN_DIRECT_OBJC_ISA_USAGE = YES_ERROR;
				CLANG_WARN_DOCUMENTATION_COMMENTS = YES;
				CLANG_WARN_EMPTY_BODY = YES;
				CLANG_WARN_ENUM_CONVERSION = YES;
				CLANG_WARN_INFINITE_RECURSION = YES;
				CLANG_WARN_INT_CONVERSION = YES;
				CLANG_WARN_NON_LITERAL_NULL_CONVERSION = YES;
				CLANG_WARN_OBJC_LITERAL_CONVERSION = YES;
				CLANG_WARN_OBJC_ROOT_CLASS = YES_ERROR;
				CLANG_WARN_RANGE_LOOP_ANALYSIS = YES;
				CLANG_WARN_STRICT_PROTOTYPES = YES;
				CLANG_WARN_SUSPICIOUS_MOVE = YES;
				CLANG_WARN_UNGUARDED_AVAILABILITY = YES_AGGRESSIVE;
				CLANG_WARN_UNREACHABLE_CODE = YES;
				CLANG_WARN__DUPLICATE_METHOD_MATCH = YES;
				CODE_SIGN_IDENTITY = "iPhone Developer";
				COPY_PHASE_STRIP = NO;
				DEBUG_INFORMATION_FORMAT = "dwarf-with-dsym";
				ENABLE_NS_ASSERTIONS = NO;
				ENABLE_STRICT_OBJC_MSGSEND = YES;
				GCC_C_LANGUAGE_STANDARD = gnu11;
				GCC_NO_COMMON_BLOCKS = YES;
				GCC_WARN_64_TO_32_BIT_CONVERSION = YES;
				GCC_WARN_ABOUT_RETURN_TYPE = YES_ERROR;
				GCC_WARN_UNDECLARED_SELECTOR = YES;
				GCC_WARN_UNINITIALIZED_AUTOS = YES_AGGRESSIVE;
				GCC_WARN_UNUSED_FUNCTION = YES;
				GCC_WARN_UNUSED_VARIABLE = YES;
				IPHONEOS_DEPLOYMENT_TARGET = 11.2;
				MTL_ENABLE_DEBUG_INFO = NO;
				SDKROOT = iphoneos;
				SWIFT_OPTIMIZATION_LEVEL = "-Owholemodule";
				VALIDATE_PRODUCT = YES;
			};
			name = Release;
		};
		666E0C021FFF79EE00867E64 /* Debug */ = {
			isa = XCBuildConfiguration;
			buildSettings = {
				ASSETCATALOG_COMPILER_APPICON_NAME = AppIcon;
				CODE_SIGN_STYLE = Automatic;
				DEVELOPMENT_TEAM = U8FZ3UYF69;
				INFOPLIST_FILE = "coder-swag/Info.plist";
				LD_RUNPATH_SEARCH_PATHS = "$(inherited) @executable_path/Frameworks";
				PRODUCT_BUNDLE_IDENTIFIER = "edu.georgy.coder-swag";
				PRODUCT_NAME = "$(TARGET_NAME)";
				SWIFT_VERSION = 4.0;
				TARGETED_DEVICE_FAMILY = "1,2";
			};
			name = Debug;
		};
		666E0C031FFF79EE00867E64 /* Release */ = {
			isa = XCBuildConfiguration;
			buildSettings = {
				ASSETCATALOG_COMPILER_APPICON_NAME = AppIcon;
				CODE_SIGN_STYLE = Automatic;
				DEVELOPMENT_TEAM = U8FZ3UYF69;
				INFOPLIST_FILE = "coder-swag/Info.plist";
				LD_RUNPATH_SEARCH_PATHS = "$(inherited) @executable_path/Frameworks";
				PRODUCT_BUNDLE_IDENTIFIER = "edu.georgy.coder-swag";
				PRODUCT_NAME = "$(TARGET_NAME)";
				SWIFT_VERSION = 4.0;
				TARGETED_DEVICE_FAMILY = "1,2";
			};
			name = Release;
		};
/* End XCBuildConfiguration section */

/* Begin XCConfigurationList section */
		666E0BEA1FFF79EE00867E64 /* Build configuration list for PBXProject "coder-swag" */ = {
			isa = XCConfigurationList;
			buildConfigurations = (
				666E0BFF1FFF79EE00867E64 /* Debug */,
				666E0C001FFF79EE00867E64 /* Release */,
			);
			defaultConfigurationIsVisible = 0;
			defaultConfigurationName = Release;
		};
		666E0C011FFF79EE00867E64 /* Build configuration list for PBXNativeTarget "coder-swag" */ = {
			isa = XCConfigurationList;
			buildConfigurations = (
				666E0C021FFF79EE00867E64 /* Debug */,
				666E0C031FFF79EE00867E64 /* Release */,
			);
			defaultConfigurationIsVisible = 0;
			defaultConfigurationName = Release;
		};
/* End XCConfigurationList section */
	};
	rootObject = 666E0BE71FFF79EE00867E64 /* Project object */;
}
